
Microsoft Visual Studio Solution File, Format Version 12.00
# Visual Studio Version 17
VisualStudioVersion = 17.14.36414.22 d17.14
MinimumVisualStudioVersion = 10.0.40219.1
Project("{FAE04EC0-301F-11D3-BF4B-00C04F79EFBC}") = "IndustrialDashboard", "IndustrialDashboard\IndustrialDashboard.csproj", "{EBBEB609-7899-43A5-8A0B-405DA8470B52}"
EndProject
Global
	GlobalSection(SolutionConfigurationPlatforms) = preSolution
		Debug|Any CPU = Debug|Any CPU
		Release|Any CPU = Release|Any CPU
	EndGlobalSection
	GlobalSection(ProjectConfigurationPlatforms) = postSolution
		{EBBEB609-7899-43A5-8A0B-405DA8470B52}.Debug|Any CPU.ActiveCfg = Debug|Any CPU
		{EBBEB609-7899-43A5-8A0B-405DA8470B52}.Debug|Any CPU.Build.0 = Debug|Any CPU
		{EBBEB609-7899-43A5-8A0B-405DA8470B52}.Release|Any CPU.ActiveCfg = Release|Any CPU
		{EBBEB609-7899-43A5-8A0B-405DA8470B52}.Release|Any CPU.Build.0 = Release|Any CPU
	EndGlobalSection
	GlobalSection(SolutionProperties) = preSolution
		HideSolutionNode = FALSE
	EndGlobalSection
	GlobalSection(ExtensibilityGlobals) = postSolution
		SolutionGuid = {A50A8488-ECFC-401F-B71D-C49B5EEA4ABB}
	EndGlobalSection
EndGlobal
